
Microsoft Visual Studio Solution File, Format Version 12.00
# Visual Studio Version 16
VisualStudioVersion = 16.0.29613.14
MinimumVisualStudioVersion = 10.0.40219.1
Project("{FAE04EC0-301F-11D3-BF4B-00C04F79EFBC}") = "Thinning.Web", "Thinning.Web\Thinning.Web.csproj", "{97F2774D-2653-4EDB-8CA2-C0171E12935B}"
EndProject
Global
	GlobalSection(SolutionConfigurationPlatforms) = preSolution
		Debug|Any CPU = Debug|Any CPU
		Release|Any CPU = Release|Any CPU
	EndGlobalSection
	GlobalSection(ProjectConfigurationPlatforms) = postSolution
		{97F2774D-2653-4EDB-8CA2-C0171E12935B}.Debug|Any CPU.ActiveCfg = Debug|Any CPU
		{97F2774D-2653-4EDB-8CA2-C0171E12935B}.Debug|Any CPU.Build.0 = Debug|Any CPU
		{97F2774D-2653-4EDB-8CA2-C0171E12935B}.Release|Any CPU.ActiveCfg = Release|Any CPU
		{97F2774D-2653-4EDB-8CA2-C0171E12935B}.Release|Any CPU.Build.0 = Release|Any CPU
	EndGlobalSection
	GlobalSection(SolutionProperties) = preSolution
		HideSolutionNode = FALSE
	EndGlobalSection
	GlobalSection(ExtensibilityGlobals) = postSolution
		SolutionGuid = {335F6EC7-E408-4C06-A5C5-4C896BAA9EDB}
	EndGlobalSection
EndGlobal
